// !$*UTF8*$!
{
	archiveVersion = 1;
	classes = {
	};
	objectVersion = 50;
	objects = {

/* Begin PBXBuildFile section */
		30557204244C088C001E091D /* AppDelegate.swift in Sources */ = {isa = PBXBuildFile; fileRef = 30557203244C088C001E091D /* AppDelegate.swift */; };
		30557206244C088C001E091D /* SceneDelegate.swift in Sources */ = {isa = PBXBuildFile; fileRef = 30557205244C088C001E091D /* SceneDelegate.swift */; };
		30557208244C088C001E091D /* ContentView.swift in Sources */ = {isa = PBXBuildFile; fileRef = 30557207244C088C001E091D /* ContentView.swift */; };
		3055720A244C088D001E091D /* Assets.xcassets in Resources */ = {isa = PBXBuildFile; fileRef = 30557209244C088D001E091D /* Assets.xcassets */; };
		3055720D244C088D001E091D /* Preview Assets.xcassets in Resources */ = {isa = PBXBuildFile; fileRef = 3055720C244C088D001E091D /* Preview Assets.xcassets */; };
		30557210244C088D001E091D /* LaunchScreen.storyboard in Resources */ = {isa = PBXBuildFile; fileRef = 3055720E244C088D001E091D /* LaunchScreen.storyboard */; };
		3055721B244C088D001E091D /* MimicCalculatorTests.swift in Sources */ = {isa = PBXBuildFile; fileRef = 3055721A244C088D001E091D /* MimicCalculatorTests.swift */; };
		30557226244C088D001E091D /* MimicCalculatorUITests.swift in Sources */ = {isa = PBXBuildFile; fileRef = 30557225244C088D001E091D /* MimicCalculatorUITests.swift */; };
		30557235244C3801001E091D /* Stack.swift in Sources */ = {isa = PBXBuildFile; fileRef = 30557234244C3801001E091D /* Stack.swift */; };
		30557237244CFE7A001E091D /* Logger.swift in Sources */ = {isa = PBXBuildFile; fileRef = 30557236244CFE7A001E091D /* Logger.swift */; };
/* End PBXBuildFile section */

/* Begin PBXContainerItemProxy section */
		30557217244C088D001E091D /* PBXContainerItemProxy */ = {
			isa = PBXContainerItemProxy;
			containerPortal = 305571F8244C088C001E091D /* Project object */;
			proxyType = 1;
			remoteGlobalIDString = 305571FF244C088C001E091D;
			remoteInfo = MimicCalculator;
		};
		30557222244C088D001E091D /* PBXContainerItemProxy */ = {
			isa = PBXContainerItemProxy;
			containerPortal = 305571F8244C088C001E091D /* Project object */;
			proxyType = 1;
			remoteGlobalIDString = 305571FF244C088C001E091D;
			remoteInfo = MimicCalculator;
		};
/* End PBXContainerItemProxy section */

/* Begin PBXFileReference section */
		30557200244C088C001E091D /* MimicCalculator.app */ = {isa = PBXFileReference; explicitFileType = wrapper.application; includeInIndex = 0; path = MimicCalculator.app; sourceTree = BUILT_PRODUCTS_DIR; };
		30557203244C088C001E091D /* AppDelegate.swift */ = {isa = PBXFileReference; lastKnownFileType = sourcecode.swift; path = AppDelegate.swift; sourceTree = "<group>"; };
		30557205244C088C001E091D /* SceneDelegate.swift */ = {isa = PBXFileReference; lastKnownFileType = sourcecode.swift; path = SceneDelegate.swift; sourceTree = "<group>"; };
		30557207244C088C001E091D /* ContentView.swift */ = {isa = PBXFileReference; lastKnownFileType = sourcecode.swift; path = ContentView.swift; sourceTree = "<group>"; };
		30557209244C088D001E091D /* Assets.xcassets */ = {isa = PBXFileReference; lastKnownFileType = folder.assetcatalog; path = Assets.xcassets; sourceTree = "<group>"; };
		3055720C244C088D001E091D /* Preview Assets.xcassets */ = {isa = PBXFileReference; lastKnownFileType = folder.assetcatalog; path = "Preview Assets.xcassets"; sourceTree = "<group>"; };
		3055720F244C088D001E091D /* Base */ = {isa = PBXFileReference; lastKnownFileType = file.storyboard; name = Base; path = Base.lproj/LaunchScreen.storyboard; sourceTree = "<group>"; };
		30557211244C088D001E091D /* Info.plist */ = {isa = PBXFileReference; lastKnownFileType = text.plist.xml; path = Info.plist; sourceTree = "<group>"; };
		30557216244C088D001E091D /* MimicCalculatorTests.xctest */ = {isa = PBXFileReference; explicitFileType = wrapper.cfbundle; includeInIndex = 0; path = MimicCalculatorTests.xctest; sourceTree = BUILT_PRODUCTS_DIR; };
		3055721A244C088D001E091D /* MimicCalculatorTests.swift */ = {isa = PBXFileReference; lastKnownFileType = sourcecode.swift; path = MimicCalculatorTests.swift; sourceTree = "<group>"; };
		3055721C244C088D001E091D /* Info.plist */ = {isa = PBXFileReference; lastKnownFileType = text.plist.xml; path = Info.plist; sourceTree = "<group>"; };
		30557221244C088D001E091D /* MimicCalculatorUITests.xctest */ = {isa = PBXFileReference; explicitFileType = wrapper.cfbundle; includeInIndex = 0; path = MimicCalculatorUITests.xctest; sourceTree = BUILT_PRODUCTS_DIR; };
		30557225244C088D001E091D /* MimicCalculatorUITests.swift */ = {isa = PBXFileReference; lastKnownFileType = sourcecode.swift; path = MimicCalculatorUITests.swift; sourceTree = "<group>"; };
		30557227244C088D001E091D /* Info.plist */ = {isa = PBXFileReference; lastKnownFileType = text.plist.xml; path = Info.plist; sourceTree = "<group>"; };
		30557234244C3801001E091D /* Stack.swift */ = {isa = PBXFileReference; lastKnownFileType = sourcecode.swift; path = Stack.swift; sourceTree = "<group>"; };
		30557236244CFE7A001E091D /* Logger.swift */ = {isa = PBXFileReference; lastKnownFileType = sourcecode.swift; path = Logger.swift; sourceTree = "<group>"; };
/* End PBXFileReference section */

/* Begin PBXFrameworksBuildPhase section */
		305571FD244C088C001E091D /* Frameworks */ = {
			isa = PBXFrameworksBuildPhase;
			buildActionMask = 2147483647;
			files = (
			);
			runOnlyForDeploymentPostprocessing = 0;
		};
		30557213244C088D001E091D /* Frameworks */ = {
			isa = PBXFrameworksBuildPhase;
			buildActionMask = 2147483647;
			files = (
			);
			runOnlyForDeploymentPostprocessing = 0;
		};
		3055721E244C088D001E091D /* Frameworks */ = {
			isa = PBXFrameworksBuildPhase;
			buildActionMask = 2147483647;
			files = (
			);
			runOnlyForDeploymentPostprocessing = 0;
		};
/* End PBXFrameworksBuildPhase section */

/* Begin PBXGroup section */
		305571F7244C088C001E091D = {
			isa = PBXGroup;
			children = (
				30557202244C088C001E091D /* MimicCalculator */,
				30557219244C088D001E091D /* MimicCalculatorTests */,
				30557224244C088D001E091D /* MimicCalculatorUITests */,
				30557201244C088C001E091D /* Products */,
			);
			sourceTree = "<group>";
		};
		30557201244C088C001E091D /* Products */ = {
			isa = PBXGroup;
			children = (
				30557200244C088C001E091D /* MimicCalculator.app */,
				30557216244C088D001E091D /* MimicCalculatorTests.xctest */,
				30557221244C088D001E091D /* MimicCalculatorUITests.xctest */,
			);
			name = Products;
			sourceTree = "<group>";
		};
		30557202244C088C001E091D /* MimicCalculator */ = {
			isa = PBXGroup;
			children = (
				30557233244C37D0001E091D /* util */,
				30557203244C088C001E091D /* AppDelegate.swift */,
				30557205244C088C001E091D /* SceneDelegate.swift */,
				30557207244C088C001E091D /* ContentView.swift */,
				30557209244C088D001E091D /* Assets.xcassets */,
				3055720E244C088D001E091D /* LaunchScreen.storyboard */,
				30557211244C088D001E091D /* Info.plist */,
				3055720B244C088D001E091D /* Preview Content */,
			);
			path = MimicCalculator;
			sourceTree = "<group>";
		};
		3055720B244C088D001E091D /* Preview Content */ = {
			isa = PBXGroup;
			children = (
				3055720C244C088D001E091D /* Preview Assets.xcassets */,
			);
			path = "Preview Content";
			sourceTree = "<group>";
		};
		30557219244C088D001E091D /* MimicCalculatorTests */ = {
			isa = PBXGroup;
			children = (
				3055721A244C088D001E091D /* MimicCalculatorTests.swift */,
				3055721C244C088D001E091D /* Info.plist */,
			);
			path = MimicCalculatorTests;
			sourceTree = "<group>";
		};
		30557224244C088D001E091D /* MimicCalculatorUITests */ = {
			isa = PBXGroup;
			children = (
				30557225244C088D001E091D /* MimicCalculatorUITests.swift */,
				30557227244C088D001E091D /* Info.plist */,
			);
			path = MimicCalculatorUITests;
			sourceTree = "<group>";
		};
		30557233244C37D0001E091D /* util */ = {
			isa = PBXGroup;
			children = (
				30557234244C3801001E091D /* Stack.swift */,
				30557236244CFE7A001E091D /* Logger.swift */,
			);
			path = util;
			sourceTree = "<group>";
		};
/* End PBXGroup section */

/* Begin PBXNativeTarget section */
		305571FF244C088C001E091D /* MimicCalculator */ = {
			isa = PBXNativeTarget;
			buildConfigurationList = 3055722A244C088D001E091D /* Build configuration list for PBXNativeTarget "MimicCalculator" */;
			buildPhases = (
				305571FC244C088C001E091D /* Sources */,
				305571FD244C088C001E091D /* Frameworks */,
				305571FE244C088C001E091D /* Resources */,
			);
			buildRules = (
			);
			dependencies = (
			);
			name = MimicCalculator;
			productName = MimicCalculator;
			productReference = 30557200244C088C001E091D /* MimicCalculator.app */;
			productType = "com.apple.product-type.application";
		};
		30557215244C088D001E091D /* MimicCalculatorTests */ = {
			isa = PBXNativeTarget;
			buildConfigurationList = 3055722D244C088D001E091D /* Build configuration list for PBXNativeTarget "MimicCalculatorTests" */;
			buildPhases = (
				30557212244C088D001E091D /* Sources */,
				30557213244C088D001E091D /* Frameworks */,
				30557214244C088D001E091D /* Resources */,
			);
			buildRules = (
			);
			dependencies = (
				30557218244C088D001E091D /* PBXTargetDependency */,
			);
			name = MimicCalculatorTests;
			productName = MimicCalculatorTests;
			productReference = 30557216244C088D001E091D /* MimicCalculatorTests.xctest */;
			productType = "com.apple.product-type.bundle.unit-test";
		};
		30557220244C088D001E091D /* MimicCalculatorUITests */ = {
			isa = PBXNativeTarget;
			buildConfigurationList = 30557230244C088D001E091D /* Build configuration list for PBXNativeTarget "MimicCalculatorUITests" */;
			buildPhases = (
				3055721D244C088D001E091D /* Sources */,
				3055721E244C088D001E091D /* Frameworks */,
				3055721F244C088D001E091D /* Resources */,
			);
			buildRules = (
			);
			dependencies = (
				30557223244C088D001E091D /* PBXTargetDependency */,
			);
			name = MimicCalculatorUITests;
			productName = MimicCalculatorUITests;
			productReference = 30557221244C088D001E091D /* MimicCalculatorUITests.xctest */;
			productType = "com.apple.product-type.bundle.ui-testing";
		};
/* End PBXNativeTarget section */

/* Begin PBXProject section */
		305571F8244C088C001E091D /* Project object */ = {
			isa = PBXProject;
			attributes = {
				LastSwiftUpdateCheck = 1140;
				LastUpgradeCheck = 1140;
				ORGANIZATIONNAME = "Marshall Lee";
				TargetAttributes = {
					305571FF244C088C001E091D = {
						CreatedOnToolsVersion = 11.4.1;
					};
					30557215244C088D001E091D = {
						CreatedOnToolsVersion = 11.4.1;
						TestTargetID = 305571FF244C088C001E091D;
					};
					30557220244C088D001E091D = {
						CreatedOnToolsVersion = 11.4.1;
						TestTargetID = 305571FF244C088C001E091D;
					};
				};
			};
			buildConfigurationList = 305571FB244C088C001E091D /* Build configuration list for PBXProject "MimicCalculator" */;
			compatibilityVersion = "Xcode 9.3";
			developmentRegion = en;
			hasScannedForEncodings = 0;
			knownRegions = (
				en,
				Base,
			);
			mainGroup = 305571F7244C088C001E091D;
			productRefGroup = 30557201244C088C001E091D /* Products */;
			projectDirPath = "";
			projectRoot = "";
			targets = (
				305571FF244C088C001E091D /* MimicCalculator */,
				30557215244C088D001E091D /* MimicCalculatorTests */,
				30557220244C088D001E091D /* MimicCalculatorUITests */,
			);
		};
/* End PBXProject section */

/* Begin PBXResourcesBuildPhase section */
		305571FE244C088C001E091D /* Resources */ = {
			isa = PBXResourcesBuildPhase;
			buildActionMask = 2147483647;
			files = (
				30557210244C088D001E091D /* LaunchScreen.storyboard in Resources */,
				3055720D244C088D001E091D /* Preview Assets.xcassets in Resources */,
				3055720A244C088D001E091D /* Assets.xcassets in Resources */,
			);
			runOnlyForDeploymentPostprocessing = 0;
		};
		30557214244C088D001E091D /* Resources */ = {
			isa = PBXResourcesBuildPhase;
			buildActionMask = 2147483647;
			files = (
			);
			runOnlyForDeploymentPostprocessing = 0;
		};
		3055721F244C088D001E091D /* Resources */ = {
			isa = PBXResourcesBuildPhase;
			buildActionMask = 2147483647;
			files = (
			);
			runOnlyForDeploymentPostprocessing = 0;
		};
/* End PBXResourcesBuildPhase section */

/* Begin PBXSourcesBuildPhase section */
		305571FC244C088C001E091D /* Sources */ = {
			isa = PBXSourcesBuildPhase;
			buildActionMask = 2147483647;
			files = (
				30557237244CFE7A001E091D /* Logger.swift in Sources */,
				30557235244C3801001E091D /* Stack.swift in Sources */,
				30557204244C088C001E091D /* AppDelegate.swift in Sources */,
				30557206244C088C001E091D /* SceneDelegate.swift in Sources */,
				30557208244C088C001E091D /* ContentView.swift in Sources */,
			);
			runOnlyForDeploymentPostprocessing = 0;
		};
		30557212244C088D001E091D /* Sources */ = {
			isa = PBXSourcesBuildPhase;
			buildActionMask = 2147483647;
			files = (
				3055721B244C088D001E091D /* MimicCalculatorTests.swift in Sources */,
			);
			runOnlyForDeploymentPostprocessing = 0;
		};
		3055721D244C088D001E091D /* Sources */ = {
			isa = PBXSourcesBuildPhase;
			buildActionMask = 2147483647;
			files = (
				30557226244C088D001E091D /* MimicCalculatorUITests.swift in Sources */,
			);
			runOnlyForDeploymentPostprocessing = 0;
		};
/* End PBXSourcesBuildPhase section */

/* Begin PBXTargetDependency section */
		30557218244C088D001E091D /* PBXTargetDependency */ = {
			isa = PBXTargetDependency;
			target = 305571FF244C088C001E091D /* MimicCalculator */;
			targetProxy = 30557217244C088D001E091D /* PBXContainerItemProxy */;
		};
		30557223244C088D001E091D /* PBXTargetDependency */ = {
			isa = PBXTargetDependency;
			target = 305571FF244C088C001E091D /* MimicCalculator */;
			targetProxy = 30557222244C088D001E091D /* PBXContainerItemProxy */;
		};
/* End PBXTargetDependency section */

/* Begin PBXVariantGroup section */
		3055720E244C088D001E091D /* LaunchScreen.storyboard */ = {
			isa = PBXVariantGroup;
			children = (
				3055720F244C088D001E091D /* Base */,
			);
			name = LaunchScreen.storyboard;
			sourceTree = "<group>";
		};
/* End PBXVariantGroup section */

/* Begin XCBuildConfiguration section */
		30557228244C088D001E091D /* Debug */ = {
			isa = XCBuildConfiguration;
			buildSettings = {
				ALWAYS_SEARCH_USER_PATHS = NO;
				CLANG_ANALYZER_NONNULL = YES;
				CLANG_ANALYZER_NUMBER_OBJECT_CONVERSION = YES_AGGRESSIVE;
				CLANG_CXX_LANGUAGE_STANDARD = "gnu++14";
				CLANG_CXX_LIBRARY = "libc++";
				CLANG_ENABLE_MODULES = YES;
				CLANG_ENABLE_OBJC_ARC = YES;
				CLANG_ENABLE_OBJC_WEAK = YES;
				CLANG_WARN_BLOCK_CAPTURE_AUTORELEASING = YES;
				CLANG_WARN_BOOL_CONVERSION = YES;
				CLANG_WARN_COMMA = YES;
				CLANG_WARN_CONSTANT_CONVERSION = YES;
				CLANG_WARN_DEPRECATED_OBJC_IMPLEMENTATIONS = YES;
				CLANG_WARN_DIRECT_OBJC_ISA_USAGE = YES_ERROR;
				CLANG_WARN_DOCUMENTATION_COMMENTS = YES;
				CLANG_WARN_EMPTY_BODY = YES;
				CLANG_WARN_ENUM_CONVERSION = YES;
				CLANG_WARN_INFINITE_RECURSION = YES;
				CLANG_WARN_INT_CONVERSION = YES;
				CLANG_WARN_NON_LITERAL_NULL_CONVERSION = YES;
				CLANG_WARN_OBJC_IMPLICIT_RETAIN_SELF = YES;
				CLANG_WARN_OBJC_LITERAL_CONVERSION = YES;
				CLANG_WARN_OBJC_ROOT_CLASS = YES_ERROR;
				CLANG_WARN_RANGE_LOOP_ANALYSIS = YES;
				CLANG_WARN_STRICT_PROTOTYPES = YES;
				CLANG_WARN_SUSPICIOUS_MOVE = YES;
				CLANG_WARN_UNGUARDED_AVAILABILITY = YES_AGGRESSIVE;
				CLANG_WARN_UNREACHABLE_CODE = YES;
				CLANG_WARN__DUPLICATE_METHOD_MATCH = YES;
				COPY_PHASE_STRIP = NO;
				DEBUG_INFORMATION_FORMAT = dwarf;
				ENABLE_STRICT_OBJC_MSGSEND = YES;
				ENABLE_TESTABILITY = YES;
				GCC_C_LANGUAGE_STANDARD = gnu11;
				GCC_DYNAMIC_NO_PIC = NO;
				GCC_NO_COMMON_BLOCKS = YES;
				GCC_OPTIMIZATION_LEVEL = 0;
				GCC_PREPROCESSOR_DEFINITIONS = (
					"DEBUG=1",
					"$(inherited)",
				);
				GCC_WARN_64_TO_32_BIT_CONVERSION = YES;
				GCC_WARN_ABOUT_RETURN_TYPE = YES_ERROR;
				GCC_WARN_UNDECLARED_SELECTOR = YES;
				GCC_WARN_UNINITIALIZED_AUTOS = YES_AGGRESSIVE;
				GCC_WARN_UNUSED_FUNCTION = YES;
				GCC_WARN_UNUSED_VARIABLE = YES;
				IPHONEOS_DEPLOYMENT_TARGET = 13.3;
				MTL_ENABLE_DEBUG_INFO = INCLUDE_SOURCE;
				MTL_FAST_MATH = YES;
				ONLY_ACTIVE_ARCH = YES;
				SDKROOT = iphoneos;
				SWIFT_ACTIVE_COMPILATION_CONDITIONS = DEBUG;
				SWIFT_OPTIMIZATION_LEVEL = "-Onone";
			};
			name = Debug;
		};
		30557229244C088D001E091D /* Release */ = {
			isa = XCBuildConfiguration;
			buildSettings = {
				ALWAYS_SEARCH_USER_PATHS = NO;
				CLANG_ANALYZER_NONNULL = YES;
				CLANG_ANALYZER_NUMBER_OBJECT_CONVERSION = YES_AGGRESSIVE;
				CLANG_CXX_LANGUAGE_STANDARD = "gnu++14";
				CLANG_CXX_LIBRARY = "libc++";
				CLANG_ENABLE_MODULES = YES;
				CLANG_ENABLE_OBJC_ARC = YES;
				CLANG_ENABLE_OBJC_WEAK = YES;
				CLANG_WARN_BLOCK_CAPTURE_AUTORELEASING = YES;
				CLANG_WARN_BOOL_CONVERSION = YES;
				CLANG_WARN_COMMA = YES;
				CLANG_WARN_CONSTANT_CONVERSION = YES;
				CLANG_WARN_DEPRECATED_OBJC_IMPLEMENTATIONS = YES;
				CLANG_WARN_DIRECT_OBJC_ISA_USAGE = YES_ERROR;
				CLANG_WARN_DOCUMENTATION_COMMENTS = YES;
				CLANG_WARN_EMPTY_BODY = YES;
				CLANG_WARN_ENUM_CONVERSION = YES;
				CLANG_WARN_INFINITE_RECURSION = YES;
				CLANG_WARN_INT_CONVERSION = YES;
				CLANG_WARN_NON_LITERAL_NULL_CONVERSION = YES;
				CLANG_WARN_OBJC_IMPLICIT_RETAIN_SELF = YES;
				CLANG_WARN_OBJC_LITERAL_CONVERSION = YES;
				CLANG_WARN_OBJC_ROOT_CLASS = YES_ERROR;
				CLANG_WARN_RANGE_LOOP_ANALYSIS = YES;
				CLANG_WARN_STRICT_PROTOTYPES = YES;
				CLANG_WARN_SUSPICIOUS_MOVE = YES;
				CLANG_WARN_UNGUARDED_AVAILABILITY = YES_AGGRESSIVE;
				CLANG_WARN_UNREACHABLE_CODE = YES;
				CLANG_WARN__DUPLICATE_METHOD_MATCH = YES;
				COPY_PHASE_STRIP = NO;
				DEBUG_INFORMATION_FORMAT = "dwarf-with-dsym";
				ENABLE_NS_ASSERTIONS = NO;
				ENABLE_STRICT_OBJC_MSGSEND = YES;
				GCC_C_LANGUAGE_STANDARD = gnu11;
				GCC_NO_COMMON_BLOCKS = YES;
				GCC_WARN_64_TO_32_BIT_CONVERSION = YES;
				GCC_WARN_ABOUT_RETURN_TYPE = YES_ERROR;
				GCC_WARN_UNDECLARED_SELECTOR = YES;
				GCC_WARN_UNINITIALIZED_AUTOS = YES_AGGRESSIVE;
				GCC_WARN_UNUSED_FUNCTION = YES;
				GCC_WARN_UNUSED_VARIABLE = YES;
				IPHONEOS_DEPLOYMENT_TARGET = 13.3;
				MTL_ENABLE_DEBUG_INFO = NO;
				MTL_FAST_MATH = YES;
				SDKROOT = iphoneos;
				SWIFT_COMPILATION_MODE = wholemodule;
				SWIFT_OPTIMIZATION_LEVEL = "-O";
				VALIDATE_PRODUCT = YES;
			};
			name = Release;
		};
		3055722B244C088D001E091D /* Debug */ = {
			isa = XCBuildConfiguration;
			buildSettings = {
				ASSETCATALOG_COMPILER_APPICON_NAME = AppIcon;
				CODE_SIGN_STYLE = Automatic;
				DEVELOPMENT_ASSET_PATHS = "\"MimicCalculator/Preview Content\"";
				DEVELOPMENT_TEAM = ZGJ7846575;
				ENABLE_PREVIEWS = YES;
				INFOPLIST_FILE = MimicCalculator/Info.plist;
				LD_RUNPATH_SEARCH_PATHS = (
					"$(inherited)",
					"@executable_path/Frameworks",
				);
				PRODUCT_BUNDLE_IDENTIFIER = marshall.MimicCalculator;
				PRODUCT_NAME = "$(TARGET_NAME)";
				SWIFT_VERSION = 5.0;
				TARGETED_DEVICE_FAMILY = "1,2";
			};
			name = Debug;
		};
		3055722C244C088D001E091D /* Release */ = {
			isa = XCBuildConfiguration;
			buildSettings = {
				ASSETCATALOG_COMPILER_APPICON_NAME = AppIcon;
				CODE_SIGN_STYLE = Automatic;
				DEVELOPMENT_ASSET_PATHS = "\"MimicCalculator/Preview Content\"";
				DEVELOPMENT_TEAM = ZGJ7846575;
				ENABLE_PREVIEWS = YES;
				INFOPLIST_FILE = MimicCalculator/Info.plist;
				LD_RUNPATH_SEARCH_PATHS = (
					"$(inherited)",
					"@executable_path/Frameworks",
				);
				PRODUCT_BUNDLE_IDENTIFIER = marshall.MimicCalculator;
				PRODUCT_NAME = "$(TARGET_NAME)";
				SWIFT_VERSION = 5.0;
				TARGETED_DEVICE_FAMILY = "1,2";
			};
			name = Release;
		};
		3055722E244C088D001E091D /* Debug */ = {
			isa = XCBuildConfiguration;
			buildSettings = {
				ALWAYS_EMBED_SWIFT_STANDARD_LIBRARIES = YES;
				BUNDLE_LOADER = "$(TEST_HOST)";
				CODE_SIGN_STYLE = Automatic;
				DEVELOPMENT_TEAM = ZGJ7846575;
				INFOPLIST_FILE = MimicCalculatorTests/Info.plist;
				IPHONEOS_DEPLOYMENT_TARGET = 13.4;
				LD_RUNPATH_SEARCH_PATHS = (
					"$(inherited)",
					"@executable_path/Frameworks",
					"@loader_path/Frameworks",
				);
				PRODUCT_BUNDLE_IDENTIFIER = marshall.MimicCalculatorTests;
				PRODUCT_NAME = "$(TARGET_NAME)";
				SWIFT_VERSION = 5.0;
				TARGETED_DEVICE_FAMILY = "1,2";
				TEST_HOST = "$(BUILT_PRODUCTS_DIR)/MimicCalculator.app/MimicCalculator";
			};
			name = Debug;
		};
		3055722F244C088D001E091D /* Release */ = {
			isa = XCBuildConfiguration;
			buildSettings = {
				ALWAYS_EMBED_SWIFT_STANDARD_LIBRARIES = YES;
				BUNDLE_LOADER = "$(TEST_HOST)";
				CODE_SIGN_STYLE = Automatic;
				DEVELOPMENT_TEAM = ZGJ7846575;
				INFOPLIST_FILE = MimicCalculatorTests/Info.plist;
				IPHONEOS_DEPLOYMENT_TARGET = 13.4;
				LD_RUNPATH_SEARCH_PATHS = (
					"$(inherited)",
					"@executable_path/Frameworks",
					"@loader_path/Frameworks",
				);
				PRODUCT_BUNDLE_IDENTIFIER = marshall.MimicCalculatorTests;
				PRODUCT_NAME = "$(TARGET_NAME)";
				SWIFT_VERSION = 5.0;
				TARGETED_DEVICE_FAMILY = "1,2";
				TEST_HOST = "$(BUILT_PRODUCTS_DIR)/MimicCalculator.app/MimicCalculator";
			};
			name = Release;
		};
		30557231244C088D001E091D /* Debug */ = {
			isa = XCBuildConfiguration;
			buildSettings = {
				ALWAYS_EMBED_SWIFT_STANDARD_LIBRARIES = YES;
				CODE_SIGN_STYLE = Automatic;
				DEVELOPMENT_TEAM = ZGJ7846575;
				INFOPLIST_FILE = MimicCalculatorUITests/Info.plist;
				LD_RUNPATH_SEARCH_PATHS = (
					"$(inherited)",
					"@executable_path/Frameworks",
					"@loader_path/Frameworks",
				);
				PRODUCT_BUNDLE_IDENTIFIER = marshall.MimicCalculatorUITests;
				PRODUCT_NAME = "$(TARGET_NAME)";
				SWIFT_VERSION = 5.0;
				TARGETED_DEVICE_FAMILY = "1,2";
				TEST_TARGET_NAME = MimicCalculator;
			};
			name = Debug;
		};
		30557232244C088D001E091D /* Release */ = {
			isa = XCBuildConfiguration;
			buildSettings = {
				ALWAYS_EMBED_SWIFT_STANDARD_LIBRARIES = YES;
				CODE_SIGN_STYLE = Automatic;
				DEVELOPMENT_TEAM = ZGJ7846575;
				INFOPLIST_FILE = MimicCalculatorUITests/Info.plist;
				LD_RUNPATH_SEARCH_PATHS = (
					"$(inherited)",
					"@executable_path/Frameworks",
					"@loader_path/Frameworks",
				);
				PRODUCT_BUNDLE_IDENTIFIER = marshall.MimicCalculatorUITests;
				PRODUCT_NAME = "$(TARGET_NAME)";
				SWIFT_VERSION = 5.0;
				TARGETED_DEVICE_FAMILY = "1,2";
				TEST_TARGET_NAME = MimicCalculator;
			};
			name = Release;
		};
/* End XCBuildConfiguration section */

/* Begin XCConfigurationList section */
		305571FB244C088C001E091D /* Build configuration list for PBXProject "MimicCalculator" */ = {
			isa = XCConfigurationList;
			buildConfigurations = (
				30557228244C088D001E091D /* Debug */,
				30557229244C088D001E091D /* Release */,
			);
			defaultConfigurationIsVisible = 0;
			defaultConfigurationName = Release;
		};
		3055722A244C088D001E091D /* Build configuration list for PBXNativeTarget "MimicCalculator" */ = {
			isa = XCConfigurationList;
			buildConfigurations = (
				3055722B244C088D001E091D /* Debug */,
				3055722C244C088D001E091D /* Release */,
			);
			defaultConfigurationIsVisible = 0;
			defaultConfigurationName = Release;
		};
		3055722D244C088D001E091D /* Build configuration list for PBXNativeTarget "MimicCalculatorTests" */ = {
			isa = XCConfigurationList;
			buildConfigurations = (
				3055722E244C088D001E091D /* Debug */,
				3055722F244C088D001E091D /* Release */,
			);
			defaultConfigurationIsVisible = 0;
			defaultConfigurationName = Release;
		};
		30557230244C088D001E091D /* Build configuration list for PBXNativeTarget "MimicCalculatorUITests" */ = {
			isa = XCConfigurationList;
			buildConfigurations = (
				30557231244C088D001E091D /* Debug */,
				30557232244C088D001E091D /* Release */,
			);
			defaultConfigurationIsVisible = 0;
			defaultConfigurationName = Release;
		};
/* End XCConfigurationList section */
	};
	rootObject = 305571F8244C088C001E091D /* Project object */;
}
